{
  "name": "site-DIME-SHS",
  "version": "1.0.0",
  "lockfileVersion": 1,
  "requires": true,
  "dependencies": {
    "@babel/runtime": {
      "version": "7.5.5",
      "resolved": "https://registry.npmjs.org/@babel/runtime/-/runtime-7.5.5.tgz",
      "integrity": "sha512-28QvEGyQyNkB0/m2B4FU7IEZGK2NUrcMtT6BZEFALTguLk+AUT6ofsHtPk5QyjAdUkpMJ+/Em+quwz4HOt30AQ==",
      "requires": {
        "regenerator-runtime": "^0.13.2"
      }
    },
    "@iarna/toml": {
      "version": "2.2.3",
      "resolved": "https://registry.npmjs.org/@iarna/toml/-/toml-2.2.3.tgz",
      "integrity": "sha512-FmuxfCuolpLl0AnQ2NHSzoUKWEJDFl63qXjzdoWBVyFCXzMGm1spBzk7LeHNoVCiWCF7mRVms9e6jEV9+MoPbg=="
    },
    "asynckit": {
      "version": "0.4.0",
      "resolved": "https://registry.npmjs.org/asynckit/-/asynckit-0.4.0.tgz",
      "integrity": "sha1-x57Zf380y48robyXkLzDZkdLS3k="
    },
    "combined-stream": {
      "version": "1.0.6",
      "resolved": "https://registry.npmjs.org/combined-stream/-/combined-stream-1.0.6.tgz",
      "integrity": "sha1-cj599ugBrFYTETp+RFqbactjKBg=",
      "requires": {
        "delayed-stream": "~1.0.0"
      }
    },
    "component-emitter": {
      "version": "1.2.1",
      "resolved": "https://registry.npmjs.org/component-emitter/-/component-emitter-1.2.1.tgz",
      "integrity": "sha1-E3kY1teCg/ffemt8WmPhQOaUJeY="
    },
    "cookiejar": {
      "version": "2.1.2",
      "resolved": "https://registry.npmjs.org/cookiejar/-/cookiejar-2.1.2.tgz",
      "integrity": "sha512-Mw+adcfzPxcPeI+0WlvRrr/3lGVO0bD75SxX6811cxSh1Wbxx7xZBGK1eVtDf6si8rg2lhnUjsVLMFMfbRIuwA=="
    },
    "core-util-is": {
      "version": "1.0.2",
      "resolved": "https://registry.npmjs.org/core-util-is/-/core-util-is-1.0.2.tgz",
      "integrity": "sha1-tf1UIgqivFq1eqtxQMlAdUUDwac="
    },
    "debug": {
      "version": "3.1.0",
      "resolved": "https://registry.npmjs.org/debug/-/debug-3.1.0.tgz",
      "integrity": "sha512-OX8XqP7/1a9cqkxYw2yXss15f26NKWBpDXQd0/uK/KPqdQhxbPa994hnzjcE2VqQpDslf55723cKPUOGSmMY3g==",
      "requires": {
        "ms": "2.0.0"
      }
    },
    "delayed-stream": {
      "version": "1.0.0",
      "resolved": "https://registry.npmjs.org/delayed-stream/-/delayed-stream-1.0.0.tgz",
      "integrity": "sha1-3zrhmayt+31ECqrgsp4icrJOxhk="
    },
    "esm": {
      "version": "3.2.25",
      "resolved": "https://registry.npmjs.org/esm/-/esm-3.2.25.tgz",
      "integrity": "sha512-U1suiZ2oDVWv4zPO56S0NcR5QriEahGtdN2OR6FiOG4WJvcjBVFB0qI4+eKoWFH483PKGuLuu6V8Z4T5g63UVA=="
    },
    "extend": {
      "version": "3.0.2",
      "resolved": "https://registry.npmjs.org/extend/-/extend-3.0.2.tgz",
      "integrity": "sha512-fjquC59cD7CyW6urNXK0FBufkZcoiGG80wTuPujX590cB5Ttln20E2UB4S/WARVqhXffZl2LNgS+gQdPIIim/g=="
    },
    "fast-xml-parser": {
      "version": "3.12.20",
      "resolved": "https://registry.npmjs.org/fast-xml-parser/-/fast-xml-parser-3.12.20.tgz",
      "integrity": "sha512-viadHdefuuqkyJWUhF2r2Ymb5LJ0T7uQhzSRv4OZzYxpoPQnY05KtaX0pLkolabD7tLzIE8q/OytIAEhqPyYbw==",
      "requires": {
        "nimnjs": "^1.3.2"
      }
    },
    "form-data": {
      "version": "2.3.2",
      "resolved": "https://registry.npmjs.org/form-data/-/form-data-2.3.2.tgz",
      "integrity": "sha1-SXBJi+YEwgwAXU9cI67NIda0kJk=",
      "requires": {
        "asynckit": "^0.4.0",
        "combined-stream": "1.0.6",
        "mime-types": "^2.1.12"
      }
    },
    "formidable": {
      "version": "1.2.1",
      "resolved": "https://registry.npmjs.org/formidable/-/formidable-1.2.1.tgz",
      "integrity": "sha512-Fs9VRguL0gqGHkXS5GQiMCr1VhZBxz0JnJs4JmMp/2jL18Fmbzvv7vOFRU+U8TBkHEE/CX1qDXzJplVULgsLeg=="
    },
    "inherits": {
      "version": "2.0.3",
      "resolved": "https://registry.npmjs.org/inherits/-/inherits-2.0.3.tgz",
      "integrity": "sha1-Yzwsg+PaQqUC9SRmAiSA9CCCYd4="
    },
    "isarray": {
      "version": "1.0.0",
      "resolved": "https://registry.npmjs.org/isarray/-/isarray-1.0.0.tgz",
      "integrity": "sha1-u5NdSFgsuhaMBoNJV6VKPgcSTxE="
    },
    "lodash.intersection": {
      "version": "4.4.0",
      "resolved": "https://registry.npmjs.org/lodash.intersection/-/lodash.intersection-4.4.0.tgz",
      "integrity": "sha1-ChG6Yx0OlcI8fy9Mu5ppLtF45wU="
    },
    "menuspy": {
      "version": "1.3.0",
      "resolved": "https://registry.npmjs.org/menuspy/-/menuspy-1.3.0.tgz",
      "integrity": "sha512-cZD8Ik4gfWzOADiCiGP0l08DQerQfeli82u7NKSP+Br3C6YmpYeZmGlTqmLwQvOIeJVoDnlEdkkz9m133L5CIQ=="
    },
    "methods": {
      "version": "1.1.2",
      "resolved": "https://registry.npmjs.org/methods/-/methods-1.1.2.tgz",
      "integrity": "sha1-VSmk1nZUE07cxSZmVoNbD4Ua/O4="
    },
    "mime": {
      "version": "1.6.0",
      "resolved": "https://registry.npmjs.org/mime/-/mime-1.6.0.tgz",
      "integrity": "sha512-x0Vn8spI+wuJ1O6S7gnbaQg8Pxh4NNHb7KSINmEWKiPE4RKOplvijn+NkmYmmRgP68mc70j2EbeTFRsrswaQeg=="
    },
    "mime-db": {
      "version": "1.35.0",
      "resolved": "https://registry.npmjs.org/mime-db/-/mime-db-1.35.0.tgz",
      "integrity": "sha512-JWT/IcCTsB0Io3AhWUMjRqucrHSPsSf2xKLaRldJVULioggvkJvggZ3VXNNSRkCddE6D+BUI4HEIZIA2OjwIvg=="
    },
    "mime-types": {
      "version": "2.1.19",
      "resolved": "https://registry.npmjs.org/mime-types/-/mime-types-2.1.19.tgz",
      "integrity": "sha512-P1tKYHVSZ6uFo26mtnve4HQFE3koh1UWVkp8YUC+ESBHe945xWSoXuHHiGarDqcEZ+whpCDnlNw5LON0kLo+sw==",
      "requires": {
        "mime-db": "~1.35.0"
      }
    },
    "ms": {
      "version": "2.0.0",
      "resolved": "https://registry.npmjs.org/ms/-/ms-2.0.0.tgz",
      "integrity": "sha1-VgiurfwAvmwpAd9fmGF4jeDVl8g="
    },
    "nimn-date-parser": {
      "version": "1.0.0",
      "resolved": "https://registry.npmjs.org/nimn-date-parser/-/nimn-date-parser-1.0.0.tgz",
      "integrity": "sha512-1Nf+x3EeMvHUiHsVuEhiZnwA8RMeOBVTQWfB1S2n9+i6PYCofHd2HRMD+WOHIHYshy4T4Gk8wQoCol7Hq3av8Q=="
    },
    "nimn_schema_builder": {
      "version": "1.1.0",
      "resolved": "https://registry.npmjs.org/nimn_schema_builder/-/nimn_schema_builder-1.1.0.tgz",
      "integrity": "sha512-DK5/B8CM4qwzG2URy130avcwPev4uO0ev836FbQyKo1ms6I9z/i6EJyiZ+d9xtgloxUri0W+5gfR8YbPq7SheA=="
    },
    "nimnjs": {
      "version": "1.3.2",
      "resolved": "https://registry.npmjs.org/nimnjs/-/nimnjs-1.3.2.tgz",
      "integrity": "sha512-TIOtI4iqkQrUM1tiM76AtTQem0c7e56SkDZ7sj1d1MfUsqRcq2ZWQvej/O+HBTZV7u/VKnwlKTDugK/75IRPPw==",
      "requires": {
        "nimn-date-parser": "^1.0.0",
        "nimn_schema_builder": "^1.0.0"
      }
    },
    "process-nextick-args": {
      "version": "2.0.0",
      "resolved": "https://registry.npmjs.org/process-nextick-args/-/process-nextick-args-2.0.0.tgz",
      "integrity": "sha512-MtEC1TqN0EU5nephaJ4rAtThHtC86dNN9qCuEhtshvpVBkAW5ZO7BASN9REnF9eoXGcRub+pFuKEpOHE+HbEMw=="
    },
    "qs": {
      "version": "6.5.2",
      "resolved": "https://registry.npmjs.org/qs/-/qs-6.5.2.tgz",
      "integrity": "sha512-N5ZAX4/LxJmF+7wN74pUD6qAh9/wnvdQcjq9TZjevvXzSUo7bfmw91saqMjzGS2xq91/odN2dW/WOl7qQHNDGA=="
    },
    "readable-stream": {
      "version": "2.3.6",
      "resolved": "https://registry.npmjs.org/readable-stream/-/readable-stream-2.3.6.tgz",
      "integrity": "sha512-tQtKA9WIAhBF3+VLAseyMqZeBjW0AHJoxOtYqSUZNJxauErmLbVm2FW1y+J/YA9dUrAC39ITejlZWhVIwawkKw==",
      "requires": {
        "core-util-is": "~1.0.0",
        "inherits": "~2.0.3",
        "isarray": "~1.0.0",
        "process-nextick-args": "~2.0.0",
        "safe-buffer": "~5.1.1",
        "string_decoder": "~1.1.1",
        "util-deprecate": "~1.0.1"
      }
    },
    "regenerator-runtime": {
      "version": "0.13.3",
      "resolved": "https://registry.npmjs.org/regenerator-runtime/-/regenerator-runtime-0.13.3.tgz",
      "integrity": "sha512-naKIZz2GQ8JWh///G7L3X6LaQUAMp2lvb1rvwwsURe/VXwD6VMfr+/1NuNw3ag8v2kY1aQ/go5SNn79O9JU7yw=="
    },
    "safe-buffer": {
      "version": "5.1.2",
      "resolved": "https://registry.npmjs.org/safe-buffer/-/safe-buffer-5.1.2.tgz",
      "integrity": "sha512-Gd2UZBJDkXlY7GbJxfsE8/nvKkUEU1G38c1siN6QP6a9PT9MmHB8GnpscSmMJSoF8LOIrt8ud/wPtojys4G6+g=="
    },
    "string_decoder": {
      "version": "1.1.1",
      "resolved": "https://registry.npmjs.org/string_decoder/-/string_decoder-1.1.1.tgz",
      "integrity": "sha512-n/ShnvDi6FHbbVfviro+WojiFzv+s8MPMHBczVePfUpDJLwoLT0ht1l4YwBCbi8pJAveEEdnkHyPyTP/mzRfwg==",
      "requires": {
        "safe-buffer": "~5.1.0"
      }
    },
    "superagent": {
      "version": "3.8.3",
      "resolved": "https://registry.npmjs.org/superagent/-/superagent-3.8.3.tgz",
      "integrity": "sha512-GLQtLMCoEIK4eDv6OGtkOoSMt3D+oq0y3dsxMuYuDvaNUvuT8eFBuLmfR0iYYzHC1e8hpzC6ZsxbuP6DIalMFA==",
      "requires": {
        "component-emitter": "^1.2.0",
        "cookiejar": "^2.1.0",
        "debug": "^3.1.0",
        "extend": "^3.0.0",
        "form-data": "^2.3.1",
        "formidable": "^1.2.0",
        "methods": "^1.1.1",
        "mime": "^1.4.1",
        "qs": "^6.5.1",
        "readable-stream": "^2.3.5"
      }
    },
    "tachyons-custom": {
      "version": "4.9.6",
      "resolved": "https://registry.npmjs.org/tachyons-custom/-/tachyons-custom-4.9.6.tgz",
      "integrity": "sha512-HsrN1C8GTj9Tr8Ki4XMZdd1ye2O8YLVUXNAJiga3DzcdY4pRuEMYcvjOk0wAGEdVgePPSAWAsE+CWNZzNagEJw=="
    },
    "tachyons-sass": {
      "version": "4.9.5",
      "resolved": "https://registry.npmjs.org/tachyons-sass/-/tachyons-sass-4.9.5.tgz",
      "integrity": "sha512-GPPUIoM+8OkaHF7Ii8+AE5AQzVekfrRnGv55oXYTspXw8BMThmiXr/HrCUmYGiuSnBG73T0862tvzqLGP8B/Mg==",
      "requires": {
        "tachyons-custom": "^4.9.5"
      }
    },
    "util-deprecate": {
      "version": "1.0.2",
      "resolved": "https://registry.npmjs.org/util-deprecate/-/util-deprecate-1.0.2.tgz",
      "integrity": "sha1-RQ1Nyfpw3nMnYvvS1KKJgUGaDM8="
    },
    "yaml": {
      "version": "1.6.0",
      "resolved": "https://registry.npmjs.org/yaml/-/yaml-1.6.0.tgz",
      "integrity": "sha512-iZfse3lwrJRoSlfs/9KQ9iIXxs9++RvBFVzAqbbBiFT+giYtyanevreF9r61ZTbGMgWQBxAua3FzJiniiJXWWw==",
      "requires": {
        "@babel/runtime": "^7.4.5"
      }
    }
  }
}
